
Microsoft Visual Studio Solution File, Format Version 12.00
# Visual Studio Version 17
VisualStudioVersion = 17.14.36121.58
MinimumVisualStudioVersion = 10.0.40219.1
Project("{FAE04EC0-301F-11D3-BF4B-00C04F79EFBC}") = "Pure.Primitives.Choices", "Pure.Primitives.Choices\Pure.Primitives.Choices.csproj", "{C992AD0F-343E-45CE-8E30-BB3DBA087B6B}"
EndProject
Global
	GlobalSection(SolutionConfigurationPlatforms) = preSolution
		Debug|Any CPU = Debug|Any CPU
		Release|Any CPU = Release|Any CPU
	EndGlobalSection
	GlobalSection(ProjectConfigurationPlatforms) = postSolution
		{C992AD0F-343E-45CE-8E30-BB3DBA087B6B}.Debug|Any CPU.ActiveCfg = Debug|Any CPU
		{C992AD0F-343E-45CE-8E30-BB3DBA087B6B}.Debug|Any CPU.Build.0 = Debug|Any CPU
		{C992AD0F-343E-45CE-8E30-BB3DBA087B6B}.Release|Any CPU.ActiveCfg = Release|Any CPU
		{C992AD0F-343E-45CE-8E30-BB3DBA087B6B}.Release|Any CPU.Build.0 = Release|Any CPU
	EndGlobalSection
	GlobalSection(SolutionProperties) = preSolution
		HideSolutionNode = FALSE
	EndGlobalSection
	GlobalSection(ExtensibilityGlobals) = postSolution
		SolutionGuid = {94279EED-9932-4315-B2E4-2BF1C5FD1AF6}
	EndGlobalSection
EndGlobal
